
Microsoft Visual Studio Solution File, Format Version 12.00
# Visual Studio Version 17
VisualStudioVersion = 17.14.36408.4 d17.14
MinimumVisualStudioVersion = 10.0.40219.1
Project("{FAE04EC0-301F-11D3-BF4B-00C04F79EFBC}") = "MVCMovie", "MVCMovie\MVCMovie.csproj", "{CDEAF353-DC22-4265-8D64-F78ACEA50B67}"
EndProject
Global
	GlobalSection(SolutionConfigurationPlatforms) = preSolution
		Debug|Any CPU = Debug|Any CPU
		Release|Any CPU = Release|Any CPU
	EndGlobalSection
	GlobalSection(ProjectConfigurationPlatforms) = postSolution
		{CDEAF353-DC22-4265-8D64-F78ACEA50B67}.Debug|Any CPU.ActiveCfg = Debug|Any CPU
		{CDEAF353-DC22-4265-8D64-F78ACEA50B67}.Debug|Any CPU.Build.0 = Debug|Any CPU
		{CDEAF353-DC22-4265-8D64-F78ACEA50B67}.Release|Any CPU.ActiveCfg = Release|Any CPU
		{CDEAF353-DC22-4265-8D64-F78ACEA50B67}.Release|Any CPU.Build.0 = Release|Any CPU
	EndGlobalSection
	GlobalSection(SolutionProperties) = preSolution
		HideSolutionNode = FALSE
	EndGlobalSection
	GlobalSection(ExtensibilityGlobals) = postSolution
		SolutionGuid = {873A91B6-C952-4D85-A8D0-AFE4F5FD5453}
	EndGlobalSection
EndGlobal
